
Microsoft Visual Studio Solution File, Format Version 12.00
# Visual Studio 15
VisualStudioVersion = 15.0.27428.2043
MinimumVisualStudioVersion = 10.0.40219.1
Project("{FAE04EC0-301F-11D3-BF4B-00C04F79EFBC}") = "ShoppingGo", "ShoppingGo\ShoppingGo.csproj", "{61A7020A-F3B8-4266-9025-32046F135D4B}"
EndProject
Project("{FAE04EC0-301F-11D3-BF4B-00C04F79EFBC}") = "ShoppingGo.Tests", "ShoppingGo.Tests\ShoppingGo.Tests.csproj", "{BFE8DB1F-D026-4A38-8F9D-A011D92081E6}"
EndProject
Global
	GlobalSection(SolutionConfigurationPlatforms) = preSolution
		Debug|Any CPU = Debug|Any CPU
		Release|Any CPU = Release|Any CPU
	EndGlobalSection
	GlobalSection(ProjectConfigurationPlatforms) = postSolution
		{61A7020A-F3B8-4266-9025-32046F135D4B}.Debug|Any CPU.ActiveCfg = Debug|Any CPU
		{61A7020A-F3B8-4266-9025-32046F135D4B}.Debug|Any CPU.Build.0 = Debug|Any CPU
		{61A7020A-F3B8-4266-9025-32046F135D4B}.Release|Any CPU.ActiveCfg = Release|Any CPU
		{61A7020A-F3B8-4266-9025-32046F135D4B}.Release|Any CPU.Build.0 = Release|Any CPU
		{BFE8DB1F-D026-4A38-8F9D-A011D92081E6}.Debug|Any CPU.ActiveCfg = Debug|Any CPU
		{BFE8DB1F-D026-4A38-8F9D-A011D92081E6}.Debug|Any CPU.Build.0 = Debug|Any CPU
		{BFE8DB1F-D026-4A38-8F9D-A011D92081E6}.Release|Any CPU.ActiveCfg = Release|Any CPU
		{BFE8DB1F-D026-4A38-8F9D-A011D92081E6}.Release|Any CPU.Build.0 = Release|Any CPU
	EndGlobalSection
	GlobalSection(SolutionProperties) = preSolution
		HideSolutionNode = FALSE
	EndGlobalSection
	GlobalSection(ExtensibilityGlobals) = postSolution
		SolutionGuid = {D72FC3D7-D159-47BC-9AFA-226CFF65BE04}
	EndGlobalSection
EndGlobal
